
Microsoft Visual Studio Solution File, Format Version 12.00
# Visual Studio Version 17
VisualStudioVersion = 17.8.34309.116
MinimumVisualStudioVersion = 10.0.40219.1
Project("{FAE04EC0-301F-11D3-BF4B-00C04F79EFBC}") = "Do an LTWin", "Do an LTWin.csproj", "{A64C7D94-DF95-4E89-8BCA-CF12184FDC89}"
EndProject
Global
	GlobalSection(SolutionConfigurationPlatforms) = preSolution
		Debug|Any CPU = Debug|Any CPU
		Release|Any CPU = Release|Any CPU
	EndGlobalSection
	GlobalSection(ProjectConfigurationPlatforms) = postSolution
		{A64C7D94-DF95-4E89-8BCA-CF12184FDC89}.Debug|Any CPU.ActiveCfg = Debug|Any CPU
		{A64C7D94-DF95-4E89-8BCA-CF12184FDC89}.Debug|Any CPU.Build.0 = Debug|Any CPU
		{A64C7D94-DF95-4E89-8BCA-CF12184FDC89}.Release|Any CPU.ActiveCfg = Release|Any CPU
		{A64C7D94-DF95-4E89-8BCA-CF12184FDC89}.Release|Any CPU.Build.0 = Release|Any CPU
	EndGlobalSection
	GlobalSection(SolutionProperties) = preSolution
		HideSolutionNode = FALSE
	EndGlobalSection
	GlobalSection(ExtensibilityGlobals) = postSolution
		SolutionGuid = {912B2450-CCD9-4C3D-91F1-F67729CB29A8}
	EndGlobalSection
EndGlobal
